
Microsoft Visual Studio Solution File, Format Version 12.00
# Visual Studio Version 16
VisualStudioVersion = 16.0.30804.86
MinimumVisualStudioVersion = 10.0.40219.1
Project("{FAE04EC0-301F-11D3-BF4B-00C04F79EFBC}") = "SampleTest", "SampleTest.csproj", "{F191669F-5855-48BD-9162-51D3A40DA891}"
EndProject
Global
	GlobalSection(SolutionConfigurationPlatforms) = preSolution
		Debug|Any CPU = Debug|Any CPU
		Release|Any CPU = Release|Any CPU
	EndGlobalSection
	GlobalSection(ProjectConfigurationPlatforms) = postSolution
		{F191669F-5855-48BD-9162-51D3A40DA891}.Debug|Any CPU.ActiveCfg = Debug|Any CPU
		{F191669F-5855-48BD-9162-51D3A40DA891}.Debug|Any CPU.Build.0 = Debug|Any CPU
		{F191669F-5855-48BD-9162-51D3A40DA891}.Release|Any CPU.ActiveCfg = Release|Any CPU
		{F191669F-5855-48BD-9162-51D3A40DA891}.Release|Any CPU.Build.0 = Release|Any CPU
	EndGlobalSection
	GlobalSection(SolutionProperties) = preSolution
		HideSolutionNode = FALSE
	EndGlobalSection
	GlobalSection(ExtensibilityGlobals) = postSolution
		SolutionGuid = {51EA0765-037D-4029-A0AC-6D6FE188FA44}
	EndGlobalSection
EndGlobal
